
Microsoft Visual Studio Solution File, Format Version 12.00
# Visual Studio Version 17
VisualStudioVersion = 17.11.35303.130
MinimumVisualStudioVersion = 10.0.40219.1
Project("{FAE04EC0-301F-11D3-BF4B-00C04F79EFBC}") = "InputAssignment", "InputAssignment.csproj", "{E95BD437-CFB5-430E-B1EF-F90756B741B3}"
EndProject
Global
	GlobalSection(SolutionConfigurationPlatforms) = preSolution
		Debug|Any CPU = Debug|Any CPU
		Release|Any CPU = Release|Any CPU
	EndGlobalSection
	GlobalSection(ProjectConfigurationPlatforms) = postSolution
		{E95BD437-CFB5-430E-B1EF-F90756B741B3}.Debug|Any CPU.ActiveCfg = Debug|Any CPU
		{E95BD437-CFB5-430E-B1EF-F90756B741B3}.Debug|Any CPU.Build.0 = Debug|Any CPU
		{E95BD437-CFB5-430E-B1EF-F90756B741B3}.Release|Any CPU.ActiveCfg = Release|Any CPU
		{E95BD437-CFB5-430E-B1EF-F90756B741B3}.Release|Any CPU.Build.0 = Release|Any CPU
	EndGlobalSection
	GlobalSection(SolutionProperties) = preSolution
		HideSolutionNode = FALSE
	EndGlobalSection
	GlobalSection(ExtensibilityGlobals) = postSolution
		SolutionGuid = {EA169AEE-7EF0-40A5-9A88-B6CF0543C078}
	EndGlobalSection
EndGlobal
