
Microsoft Visual Studio Solution File, Format Version 12.00
# Visual Studio Version 17
VisualStudioVersion = 17.11.35303.130
MinimumVisualStudioVersion = 10.0.40219.1
Project("{FAE04EC0-301F-11D3-BF4B-00C04F79EFBC}") = "Abstract_Class", "Abstract_Class.csproj", "{D26A6CB1-EBBB-4E3E-ACF7-6A0076C841E2}"
EndProject
Global
	GlobalSection(SolutionConfigurationPlatforms) = preSolution
		Debug|Any CPU = Debug|Any CPU
		Release|Any CPU = Release|Any CPU
	EndGlobalSection
	GlobalSection(ProjectConfigurationPlatforms) = postSolution
		{D26A6CB1-EBBB-4E3E-ACF7-6A0076C841E2}.Debug|Any CPU.ActiveCfg = Debug|Any CPU
		{D26A6CB1-EBBB-4E3E-ACF7-6A0076C841E2}.Debug|Any CPU.Build.0 = Debug|Any CPU
		{D26A6CB1-EBBB-4E3E-ACF7-6A0076C841E2}.Release|Any CPU.ActiveCfg = Release|Any CPU
		{D26A6CB1-EBBB-4E3E-ACF7-6A0076C841E2}.Release|Any CPU.Build.0 = Release|Any CPU
	EndGlobalSection
	GlobalSection(SolutionProperties) = preSolution
		HideSolutionNode = FALSE
	EndGlobalSection
	GlobalSection(ExtensibilityGlobals) = postSolution
		SolutionGuid = {EFFB4146-5388-46B7-B50C-19EDC5F8077D}
	EndGlobalSection
EndGlobal
