
Microsoft Visual Studio Solution File, Format Version 12.00
# Visual Studio Version 17
VisualStudioVersion = 17.11.35303.130
MinimumVisualStudioVersion = 10.0.40219.1
Project("{FAE04EC0-301F-11D3-BF4B-00C04F79EFBC}") = "TwentyOneSubmissionAssignment", "TwentyOneSubmissionAssignment.csproj", "{48118019-5A2E-4A97-8F2B-684EAE762A2E}"
EndProject
Global
	GlobalSection(SolutionConfigurationPlatforms) = preSolution
		Debug|Any CPU = Debug|Any CPU
		Release|Any CPU = Release|Any CPU
	EndGlobalSection
	GlobalSection(ProjectConfigurationPlatforms) = postSolution
		{48118019-5A2E-4A97-8F2B-684EAE762A2E}.Debug|Any CPU.ActiveCfg = Debug|Any CPU
		{48118019-5A2E-4A97-8F2B-684EAE762A2E}.Debug|Any CPU.Build.0 = Debug|Any CPU
		{48118019-5A2E-4A97-8F2B-684EAE762A2E}.Release|Any CPU.ActiveCfg = Release|Any CPU
		{48118019-5A2E-4A97-8F2B-684EAE762A2E}.Release|Any CPU.Build.0 = Release|Any CPU
	EndGlobalSection
	GlobalSection(SolutionProperties) = preSolution
		HideSolutionNode = FALSE
	EndGlobalSection
	GlobalSection(ExtensibilityGlobals) = postSolution
		SolutionGuid = {5287767D-973B-41EC-A3C1-4329BEA3257B}
	EndGlobalSection
EndGlobal
