
Microsoft Visual Studio Solution File, Format Version 12.00
# Visual Studio Version 17
VisualStudioVersion = 17.11.35303.130
MinimumVisualStudioVersion = 10.0.40219.1
Project("{FAE04EC0-301F-11D3-BF4B-00C04F79EFBC}") = "Polymorphism_Submission_Assignent", "Polymorphism_Submission_Assignent.csproj", "{F67DE343-36B0-4C19-9486-8F4C40342322}"
EndProject
Global
	GlobalSection(SolutionConfigurationPlatforms) = preSolution
		Debug|Any CPU = Debug|Any CPU
		Release|Any CPU = Release|Any CPU
	EndGlobalSection
	GlobalSection(ProjectConfigurationPlatforms) = postSolution
		{F67DE343-36B0-4C19-9486-8F4C40342322}.Debug|Any CPU.ActiveCfg = Debug|Any CPU
		{F67DE343-36B0-4C19-9486-8F4C40342322}.Debug|Any CPU.Build.0 = Debug|Any CPU
		{F67DE343-36B0-4C19-9486-8F4C40342322}.Release|Any CPU.ActiveCfg = Release|Any CPU
		{F67DE343-36B0-4C19-9486-8F4C40342322}.Release|Any CPU.Build.0 = Release|Any CPU
	EndGlobalSection
	GlobalSection(SolutionProperties) = preSolution
		HideSolutionNode = FALSE
	EndGlobalSection
	GlobalSection(ExtensibilityGlobals) = postSolution
		SolutionGuid = {B9872DE5-0491-4E21-B7DF-8ABCA9004B2D}
	EndGlobalSection
EndGlobal
